// !$*UTF8*$!
{
	archiveVersion = 1;
	classes = {
	};
	objectVersion = 46;
	objects = {

/* Begin PBXBuildFile section */
		C0414E551EB24C9700261CF5 /* GVTextField.swift in Sources */ = {isa = PBXBuildFile; fileRef = C0414E541EB24C9700261CF5 /* GVTextField.swift */; };
		C0414E571EB2503100261CF5 /* GVForm.swift in Sources */ = {isa = PBXBuildFile; fileRef = C0414E561EB2503100261CF5 /* GVForm.swift */; };
		C08419FD1EB24A1800D3B7D3 /* AppDelegate.swift in Sources */ = {isa = PBXBuildFile; fileRef = C08419FC1EB24A1800D3B7D3 /* AppDelegate.swift */; };
		C08419FF1EB24A1800D3B7D3 /* ViewController.swift in Sources */ = {isa = PBXBuildFile; fileRef = C08419FE1EB24A1800D3B7D3 /* ViewController.swift */; };
		C0841A021EB24A1800D3B7D3 /* Main.storyboard in Resources */ = {isa = PBXBuildFile; fileRef = C0841A001EB24A1800D3B7D3 /* Main.storyboard */; };
		C0841A041EB24A1800D3B7D3 /* Assets.xcassets in Resources */ = {isa = PBXBuildFile; fileRef = C0841A031EB24A1800D3B7D3 /* Assets.xcassets */; };
		C0841A071EB24A1800D3B7D3 /* LaunchScreen.storyboard in Resources */ = {isa = PBXBuildFile; fileRef = C0841A051EB24A1800D3B7D3 /* LaunchScreen.storyboard */; };
		C0841A121EB24A1800D3B7D3 /* FormValidationTests.swift in Sources */ = {isa = PBXBuildFile; fileRef = C0841A111EB24A1800D3B7D3 /* FormValidationTests.swift */; };
		C0841A1D1EB24A1800D3B7D3 /* FormValidationUITests.swift in Sources */ = {isa = PBXBuildFile; fileRef = C0841A1C1EB24A1800D3B7D3 /* FormValidationUITests.swift */; };
/* End PBXBuildFile section */

/* Begin PBXContainerItemProxy section */
		C0841A0E1EB24A1800D3B7D3 /* PBXContainerItemProxy */ = {
			isa = PBXContainerItemProxy;
			containerPortal = C08419F11EB24A1800D3B7D3 /* Project object */;
			proxyType = 1;
			remoteGlobalIDString = C08419F81EB24A1800D3B7D3;
			remoteInfo = FormValidation;
		};
		C0841A191EB24A1800D3B7D3 /* PBXContainerItemProxy */ = {
			isa = PBXContainerItemProxy;
			containerPortal = C08419F11EB24A1800D3B7D3 /* Project object */;
			proxyType = 1;
			remoteGlobalIDString = C08419F81EB24A1800D3B7D3;
			remoteInfo = FormValidation;
		};
/* End PBXContainerItemProxy section */

/* Begin PBXFileReference section */
		C0414E541EB24C9700261CF5 /* GVTextField.swift */ = {isa = PBXFileReference; fileEncoding = 4; lastKnownFileType = sourcecode.swift; path = GVTextField.swift; sourceTree = "<group>"; };
		C0414E561EB2503100261CF5 /* GVForm.swift */ = {isa = PBXFileReference; fileEncoding = 4; lastKnownFileType = sourcecode.swift; path = GVForm.swift; sourceTree = "<group>"; };
		C08419F91EB24A1800D3B7D3 /* FormValidation.app */ = {isa = PBXFileReference; explicitFileType = wrapper.application; includeInIndex = 0; path = FormValidation.app; sourceTree = BUILT_PRODUCTS_DIR; };
		C08419FC1EB24A1800D3B7D3 /* AppDelegate.swift */ = {isa = PBXFileReference; lastKnownFileType = sourcecode.swift; path = AppDelegate.swift; sourceTree = "<group>"; };
		C08419FE1EB24A1800D3B7D3 /* ViewController.swift */ = {isa = PBXFileReference; lastKnownFileType = sourcecode.swift; path = ViewController.swift; sourceTree = "<group>"; };
		C0841A011EB24A1800D3B7D3 /* Base */ = {isa = PBXFileReference; lastKnownFileType = file.storyboard; name = Base; path = Base.lproj/Main.storyboard; sourceTree = "<group>"; };
		C0841A031EB24A1800D3B7D3 /* Assets.xcassets */ = {isa = PBXFileReference; lastKnownFileType = folder.assetcatalog; path = Assets.xcassets; sourceTree = "<group>"; };
		C0841A061EB24A1800D3B7D3 /* Base */ = {isa = PBXFileReference; lastKnownFileType = file.storyboard; name = Base; path = Base.lproj/LaunchScreen.storyboard; sourceTree = "<group>"; };
		C0841A081EB24A1800D3B7D3 /* Info.plist */ = {isa = PBXFileReference; lastKnownFileType = text.plist.xml; path = Info.plist; sourceTree = "<group>"; };
		C0841A0D1EB24A1800D3B7D3 /* FormValidationTests.xctest */ = {isa = PBXFileReference; explicitFileType = wrapper.cfbundle; includeInIndex = 0; path = FormValidationTests.xctest; sourceTree = BUILT_PRODUCTS_DIR; };
		C0841A111EB24A1800D3B7D3 /* FormValidationTests.swift */ = {isa = PBXFileReference; lastKnownFileType = sourcecode.swift; path = FormValidationTests.swift; sourceTree = "<group>"; };
		C0841A131EB24A1800D3B7D3 /* Info.plist */ = {isa = PBXFileReference; lastKnownFileType = text.plist.xml; path = Info.plist; sourceTree = "<group>"; };
		C0841A181EB24A1800D3B7D3 /* FormValidationUITests.xctest */ = {isa = PBXFileReference; explicitFileType = wrapper.cfbundle; includeInIndex = 0; path = FormValidationUITests.xctest; sourceTree = BUILT_PRODUCTS_DIR; };
		C0841A1C1EB24A1800D3B7D3 /* FormValidationUITests.swift */ = {isa = PBXFileReference; lastKnownFileType = sourcecode.swift; path = FormValidationUITests.swift; sourceTree = "<group>"; };
		C0841A1E1EB24A1800D3B7D3 /* Info.plist */ = {isa = PBXFileReference; lastKnownFileType = text.plist.xml; path = Info.plist; sourceTree = "<group>"; };
/* End PBXFileReference section */

/* Begin PBXFrameworksBuildPhase section */
		C08419F61EB24A1800D3B7D3 /* Frameworks */ = {
			isa = PBXFrameworksBuildPhase;
			buildActionMask = 2147483647;
			files = (
			);
			runOnlyForDeploymentPostprocessing = 0;
		};
		C0841A0A1EB24A1800D3B7D3 /* Frameworks */ = {
			isa = PBXFrameworksBuildPhase;
			buildActionMask = 2147483647;
			files = (
			);
			runOnlyForDeploymentPostprocessing = 0;
		};
		C0841A151EB24A1800D3B7D3 /* Frameworks */ = {
			isa = PBXFrameworksBuildPhase;
			buildActionMask = 2147483647;
			files = (
			);
			runOnlyForDeploymentPostprocessing = 0;
		};
/* End PBXFrameworksBuildPhase section */

/* Begin PBXGroup section */
		C08419F01EB24A1800D3B7D3 = {
			isa = PBXGroup;
			children = (
				C08419FB1EB24A1800D3B7D3 /* FormValidation */,
				C0841A101EB24A1800D3B7D3 /* FormValidationTests */,
				C0841A1B1EB24A1800D3B7D3 /* FormValidationUITests */,
				C08419FA1EB24A1800D3B7D3 /* Products */,
			);
			sourceTree = "<group>";
		};
		C08419FA1EB24A1800D3B7D3 /* Products */ = {
			isa = PBXGroup;
			children = (
				C08419F91EB24A1800D3B7D3 /* FormValidation.app */,
				C0841A0D1EB24A1800D3B7D3 /* FormValidationTests.xctest */,
				C0841A181EB24A1800D3B7D3 /* FormValidationUITests.xctest */,
			);
			name = Products;
			sourceTree = "<group>";
		};
		C08419FB1EB24A1800D3B7D3 /* FormValidation */ = {
			isa = PBXGroup;
			children = (
				C08419FC1EB24A1800D3B7D3 /* AppDelegate.swift */,
				C08419FE1EB24A1800D3B7D3 /* ViewController.swift */,
				C0841A001EB24A1800D3B7D3 /* Main.storyboard */,
				C0841A031EB24A1800D3B7D3 /* Assets.xcassets */,
				C0841A051EB24A1800D3B7D3 /* LaunchScreen.storyboard */,
				C0841A081EB24A1800D3B7D3 /* Info.plist */,
				C0414E541EB24C9700261CF5 /* GVTextField.swift */,
				C0414E561EB2503100261CF5 /* GVForm.swift */,
			);
			path = FormValidation;
			sourceTree = "<group>";
		};
		C0841A101EB24A1800D3B7D3 /* FormValidationTests */ = {
			isa = PBXGroup;
			children = (
				C0841A111EB24A1800D3B7D3 /* FormValidationTests.swift */,
				C0841A131EB24A1800D3B7D3 /* Info.plist */,
			);
			path = FormValidationTests;
			sourceTree = "<group>";
		};
		C0841A1B1EB24A1800D3B7D3 /* FormValidationUITests */ = {
			isa = PBXGroup;
			children = (
				C0841A1C1EB24A1800D3B7D3 /* FormValidationUITests.swift */,
				C0841A1E1EB24A1800D3B7D3 /* Info.plist */,
			);
			path = FormValidationUITests;
			sourceTree = "<group>";
		};
/* End PBXGroup section */

/* Begin PBXNativeTarget section */
		C08419F81EB24A1800D3B7D3 /* FormValidation */ = {
			isa = PBXNativeTarget;
			buildConfigurationList = C0841A211EB24A1800D3B7D3 /* Build configuration list for PBXNativeTarget "FormValidation" */;
			buildPhases = (
				C08419F51EB24A1800D3B7D3 /* Sources */,
				C08419F61EB24A1800D3B7D3 /* Frameworks */,
				C08419F71EB24A1800D3B7D3 /* Resources */,
			);
			buildRules = (
			);
			dependencies = (
			);
			name = FormValidation;
			productName = FormValidation;
			productReference = C08419F91EB24A1800D3B7D3 /* FormValidation.app */;
			productType = "com.apple.product-type.application";
		};
		C0841A0C1EB24A1800D3B7D3 /* FormValidationTests */ = {
			isa = PBXNativeTarget;
			buildConfigurationList = C0841A241EB24A1800D3B7D3 /* Build configuration list for PBXNativeTarget "FormValidationTests" */;
			buildPhases = (
				C0841A091EB24A1800D3B7D3 /* Sources */,
				C0841A0A1EB24A1800D3B7D3 /* Frameworks */,
				C0841A0B1EB24A1800D3B7D3 /* Resources */,
			);
			buildRules = (
			);
			dependencies = (
				C0841A0F1EB24A1800D3B7D3 /* PBXTargetDependency */,
			);
			name = FormValidationTests;
			productName = FormValidationTests;
			productReference = C0841A0D1EB24A1800D3B7D3 /* FormValidationTests.xctest */;
			productType = "com.apple.product-type.bundle.unit-test";
		};
		C0841A171EB24A1800D3B7D3 /* FormValidationUITests */ = {
			isa = PBXNativeTarget;
			buildConfigurationList = C0841A271EB24A1800D3B7D3 /* Build configuration list for PBXNativeTarget "FormValidationUITests" */;
			buildPhases = (
				C0841A141EB24A1800D3B7D3 /* Sources */,
				C0841A151EB24A1800D3B7D3 /* Frameworks */,
				C0841A161EB24A1800D3B7D3 /* Resources */,
			);
			buildRules = (
			);
			dependencies = (
				C0841A1A1EB24A1800D3B7D3 /* PBXTargetDependency */,
			);
			name = FormValidationUITests;
			productName = FormValidationUITests;
			productReference = C0841A181EB24A1800D3B7D3 /* FormValidationUITests.xctest */;
			productType = "com.apple.product-type.bundle.ui-testing";
		};
/* End PBXNativeTarget section */

/* Begin PBXProject section */
		C08419F11EB24A1800D3B7D3 /* Project object */ = {
			isa = PBXProject;
			attributes = {
				LastSwiftUpdateCheck = 0820;
				LastUpgradeCheck = 0820;
				ORGANIZATIONNAME = "Gabriel Vieira";
				TargetAttributes = {
					C08419F81EB24A1800D3B7D3 = {
						CreatedOnToolsVersion = 8.2.1;
						ProvisioningStyle = Automatic;
					};
					C0841A0C1EB24A1800D3B7D3 = {
						CreatedOnToolsVersion = 8.2.1;
						ProvisioningStyle = Automatic;
						TestTargetID = C08419F81EB24A1800D3B7D3;
					};
					C0841A171EB24A1800D3B7D3 = {
						CreatedOnToolsVersion = 8.2.1;
						ProvisioningStyle = Automatic;
						TestTargetID = C08419F81EB24A1800D3B7D3;
					};
				};
			};
			buildConfigurationList = C08419F41EB24A1800D3B7D3 /* Build configuration list for PBXProject "FormValidation" */;
			compatibilityVersion = "Xcode 3.2";
			developmentRegion = English;
			hasScannedForEncodings = 0;
			knownRegions = (
				en,
				Base,
			);
			mainGroup = C08419F01EB24A1800D3B7D3;
			productRefGroup = C08419FA1EB24A1800D3B7D3 /* Products */;
			projectDirPath = "";
			projectRoot = "";
			targets = (
				C08419F81EB24A1800D3B7D3 /* FormValidation */,
				C0841A0C1EB24A1800D3B7D3 /* FormValidationTests */,
				C0841A171EB24A1800D3B7D3 /* FormValidationUITests */,
			);
		};
/* End PBXProject section */

/* Begin PBXResourcesBuildPhase section */
		C08419F71EB24A1800D3B7D3 /* Resources */ = {
			isa = PBXResourcesBuildPhase;
			buildActionMask = 2147483647;
			files = (
				C0841A071EB24A1800D3B7D3 /* LaunchScreen.storyboard in Resources */,
				C0841A041EB24A1800D3B7D3 /* Assets.xcassets in Resources */,
				C0841A021EB24A1800D3B7D3 /* Main.storyboard in Resources */,
			);
			runOnlyForDeploymentPostprocessing = 0;
		};
		C0841A0B1EB24A1800D3B7D3 /* Resources */ = {
			isa = PBXResourcesBuildPhase;
			buildActionMask = 2147483647;
			files = (
			);
			runOnlyForDeploymentPostprocessing = 0;
		};
		C0841A161EB24A1800D3B7D3 /* Resources */ = {
			isa = PBXResourcesBuildPhase;
			buildActionMask = 2147483647;
			files = (
			);
			runOnlyForDeploymentPostprocessing = 0;
		};
/* End PBXResourcesBuildPhase section */

/* Begin PBXSourcesBuildPhase section */
		C08419F51EB24A1800D3B7D3 /* Sources */ = {
			isa = PBXSourcesBuildPhase;
			buildActionMask = 2147483647;
			files = (
				C0414E571EB2503100261CF5 /* GVForm.swift in Sources */,
				C08419FF1EB24A1800D3B7D3 /* ViewController.swift in Sources */,
				C0414E551EB24C9700261CF5 /* GVTextField.swift in Sources */,
				C08419FD1EB24A1800D3B7D3 /* AppDelegate.swift in Sources */,
			);
			runOnlyForDeploymentPostprocessing = 0;
		};
		C0841A091EB24A1800D3B7D3 /* Sources */ = {
			isa = PBXSourcesBuildPhase;
			buildActionMask = 2147483647;
			files = (
				C0841A121EB24A1800D3B7D3 /* FormValidationTests.swift in Sources */,
			);
			runOnlyForDeploymentPostprocessing = 0;
		};
		C0841A141EB24A1800D3B7D3 /* Sources */ = {
			isa = PBXSourcesBuildPhase;
			buildActionMask = 2147483647;
			files = (
				C0841A1D1EB24A1800D3B7D3 /* FormValidationUITests.swift in Sources */,
			);
			runOnlyForDeploymentPostprocessing = 0;
		};
/* End PBXSourcesBuildPhase section */

/* Begin PBXTargetDependency section */
		C0841A0F1EB24A1800D3B7D3 /* PBXTargetDependency */ = {
			isa = PBXTargetDependency;
			target = C08419F81EB24A1800D3B7D3 /* FormValidation */;
			targetProxy = C0841A0E1EB24A1800D3B7D3 /* PBXContainerItemProxy */;
		};
		C0841A1A1EB24A1800D3B7D3 /* PBXTargetDependency */ = {
			isa = PBXTargetDependency;
			target = C08419F81EB24A1800D3B7D3 /* FormValidation */;
			targetProxy = C0841A191EB24A1800D3B7D3 /* PBXContainerItemProxy */;
		};
/* End PBXTargetDependency section */

/* Begin PBXVariantGroup section */
		C0841A001EB24A1800D3B7D3 /* Main.storyboard */ = {
			isa = PBXVariantGroup;
			children = (
				C0841A011EB24A1800D3B7D3 /* Base */,
			);
			name = Main.storyboard;
			sourceTree = "<group>";
		};
		C0841A051EB24A1800D3B7D3 /* LaunchScreen.storyboard */ = {
			isa = PBXVariantGroup;
			children = (
				C0841A061EB24A1800D3B7D3 /* Base */,
			);
			name = LaunchScreen.storyboard;
			sourceTree = "<group>";
		};
/* End PBXVariantGroup section */

/* Begin XCBuildConfiguration section */
		C0841A1F1EB24A1800D3B7D3 /* Debug */ = {
			isa = XCBuildConfiguration;
			buildSettings = {
				ALWAYS_SEARCH_USER_PATHS = NO;
				CLANG_ANALYZER_NONNULL = YES;
				CLANG_CXX_LANGUAGE_STANDARD = "gnu++0x";
				CLANG_CXX_LIBRARY = "libc++";
				CLANG_ENABLE_MODULES = YES;
				CLANG_ENABLE_OBJC_ARC = YES;
				CLANG_WARN_BOOL_CONVERSION = YES;
				CLANG_WARN_CONSTANT_CONVERSION = YES;
				CLANG_WARN_DIRECT_OBJC_ISA_USAGE = YES_ERROR;
				CLANG_WARN_DOCUMENTATION_COMMENTS = YES;
				CLANG_WARN_EMPTY_BODY = YES;
				CLANG_WARN_ENUM_CONVERSION = YES;
				CLANG_WARN_INFINITE_RECURSION = YES;
				CLANG_WARN_INT_CONVERSION = YES;
				CLANG_WARN_OBJC_ROOT_CLASS = YES_ERROR;
				CLANG_WARN_SUSPICIOUS_MOVE = YES;
				CLANG_WARN_UNREACHABLE_CODE = YES;
				CLANG_WARN__DUPLICATE_METHOD_MATCH = YES;
				"CODE_SIGN_IDENTITY[sdk=iphoneos*]" = "iPhone Developer";
				COPY_PHASE_STRIP = NO;
				DEBUG_INFORMATION_FORMAT = dwarf;
				ENABLE_STRICT_OBJC_MSGSEND = YES;
				ENABLE_TESTABILITY = YES;
				GCC_C_LANGUAGE_STANDARD = gnu99;
				GCC_DYNAMIC_NO_PIC = NO;
				GCC_NO_COMMON_BLOCKS = YES;
				GCC_OPTIMIZATION_LEVEL = 0;
				GCC_PREPROCESSOR_DEFINITIONS = (
					"DEBUG=1",
					"$(inherited)",
				);
				GCC_WARN_64_TO_32_BIT_CONVERSION = YES;
				GCC_WARN_ABOUT_RETURN_TYPE = YES_ERROR;
				GCC_WARN_UNDECLARED_SELECTOR = YES;
				GCC_WARN_UNINITIALIZED_AUTOS = YES_AGGRESSIVE;
				GCC_WARN_UNUSED_FUNCTION = YES;
				GCC_WARN_UNUSED_VARIABLE = YES;
				IPHONEOS_DEPLOYMENT_TARGET = 10.2;
				MTL_ENABLE_DEBUG_INFO = YES;
				ONLY_ACTIVE_ARCH = YES;
				SDKROOT = iphoneos;
				SWIFT_ACTIVE_COMPILATION_CONDITIONS = DEBUG;
				SWIFT_OPTIMIZATION_LEVEL = "-Onone";
			};
			name = Debug;
		};
		C0841A201EB24A1800D3B7D3 /* Release */ = {
			isa = XCBuildConfiguration;
			buildSettings = {
				ALWAYS_SEARCH_USER_PATHS = NO;
				CLANG_ANALYZER_NONNULL = YES;
				CLANG_CXX_LANGUAGE_STANDARD = "gnu++0x";
				CLANG_CXX_LIBRARY = "libc++";
				CLANG_ENABLE_MODULES = YES;
				CLANG_ENABLE_OBJC_ARC = YES;
				CLANG_WARN_BOOL_CONVERSION = YES;
				CLANG_WARN_CONSTANT_CONVERSION = YES;
				CLANG_WARN_DIRECT_OBJC_ISA_USAGE = YES_ERROR;
				CLANG_WARN_DOCUMENTATION_COMMENTS = YES;
				CLANG_WARN_EMPTY_BODY = YES;
				CLANG_WARN_ENUM_CONVERSION = YES;
				CLANG_WARN_INFINITE_RECURSION = YES;
				CLANG_WARN_INT_CONVERSION = YES;
				CLANG_WARN_OBJC_ROOT_CLASS = YES_ERROR;
				CLANG_WARN_SUSPICIOUS_MOVE = YES;
				CLANG_WARN_UNREACHABLE_CODE = YES;
				CLANG_WARN__DUPLICATE_METHOD_MATCH = YES;
				"CODE_SIGN_IDENTITY[sdk=iphoneos*]" = "iPhone Developer";
				COPY_PHASE_STRIP = NO;
				DEBUG_INFORMATION_FORMAT = "dwarf-with-dsym";
				ENABLE_NS_ASSERTIONS = NO;
				ENABLE_STRICT_OBJC_MSGSEND = YES;
				GCC_C_LANGUAGE_STANDARD = gnu99;
				GCC_NO_COMMON_BLOCKS = YES;
				GCC_WARN_64_TO_32_BIT_CONVERSION = YES;
				GCC_WARN_ABOUT_RETURN_TYPE = YES_ERROR;
				GCC_WARN_UNDECLARED_SELECTOR = YES;
				GCC_WARN_UNINITIALIZED_AUTOS = YES_AGGRESSIVE;
				GCC_WARN_UNUSED_FUNCTION = YES;
				GCC_WARN_UNUSED_VARIABLE = YES;
				IPHONEOS_DEPLOYMENT_TARGET = 10.2;
				MTL_ENABLE_DEBUG_INFO = NO;
				SDKROOT = iphoneos;
				SWIFT_OPTIMIZATION_LEVEL = "-Owholemodule";
				VALIDATE_PRODUCT = YES;
			};
			name = Release;
		};
		C0841A221EB24A1800D3B7D3 /* Debug */ = {
			isa = XCBuildConfiguration;
			buildSettings = {
				ASSETCATALOG_COMPILER_APPICON_NAME = AppIcon;
				INFOPLIST_FILE = FormValidation/Info.plist;
				LD_RUNPATH_SEARCH_PATHS = "$(inherited) @executable_path/Frameworks";
				PRODUCT_BUNDLE_IDENTIFIER = com.form.FormValidation;
				PRODUCT_NAME = "$(TARGET_NAME)";
				SWIFT_VERSION = 3.0;
			};
			name = Debug;
		};
		C0841A231EB24A1800D3B7D3 /* Release */ = {
			isa = XCBuildConfiguration;
			buildSettings = {
				ASSETCATALOG_COMPILER_APPICON_NAME = AppIcon;
				INFOPLIST_FILE = FormValidation/Info.plist;
				LD_RUNPATH_SEARCH_PATHS = "$(inherited) @executable_path/Frameworks";
				PRODUCT_BUNDLE_IDENTIFIER = com.form.FormValidation;
				PRODUCT_NAME = "$(TARGET_NAME)";
				SWIFT_VERSION = 3.0;
			};
			name = Release;
		};
		C0841A251EB24A1800D3B7D3 /* Debug */ = {
			isa = XCBuildConfiguration;
			buildSettings = {
				ALWAYS_EMBED_SWIFT_STANDARD_LIBRARIES = YES;
				BUNDLE_LOADER = "$(TEST_HOST)";
				INFOPLIST_FILE = FormValidationTests/Info.plist;
				LD_RUNPATH_SEARCH_PATHS = "$(inherited) @executable_path/Frameworks @loader_path/Frameworks";
				PRODUCT_BUNDLE_IDENTIFIER = com.form.FormValidationTests;
				PRODUCT_NAME = "$(TARGET_NAME)";
				SWIFT_VERSION = 3.0;
				TEST_HOST = "$(BUILT_PRODUCTS_DIR)/FormValidation.app/FormValidation";
			};
			name = Debug;
		};
		C0841A261EB24A1800D3B7D3 /* Release */ = {
			isa = XCBuildConfiguration;
			buildSettings = {
				ALWAYS_EMBED_SWIFT_STANDARD_LIBRARIES = YES;
				BUNDLE_LOADER = "$(TEST_HOST)";
				INFOPLIST_FILE = FormValidationTests/Info.plist;
				LD_RUNPATH_SEARCH_PATHS = "$(inherited) @executable_path/Frameworks @loader_path/Frameworks";
				PRODUCT_BUNDLE_IDENTIFIER = com.form.FormValidationTests;
				PRODUCT_NAME = "$(TARGET_NAME)";
				SWIFT_VERSION = 3.0;
				TEST_HOST = "$(BUILT_PRODUCTS_DIR)/FormValidation.app/FormValidation";
			};
			name = Release;
		};
		C0841A281EB24A1800D3B7D3 /* Debug */ = {
			isa = XCBuildConfiguration;
			buildSettings = {
				ALWAYS_EMBED_SWIFT_STANDARD_LIBRARIES = YES;
				INFOPLIST_FILE = FormValidationUITests/Info.plist;
				LD_RUNPATH_SEARCH_PATHS = "$(inherited) @executable_path/Frameworks @loader_path/Frameworks";
				PRODUCT_BUNDLE_IDENTIFIER = com.form.FormValidationUITests;
				PRODUCT_NAME = "$(TARGET_NAME)";
				SWIFT_VERSION = 3.0;
				TEST_TARGET_NAME = FormValidation;
			};
			name = Debug;
		};
		C0841A291EB24A1800D3B7D3 /* Release */ = {
			isa = XCBuildConfiguration;
			buildSettings = {
				ALWAYS_EMBED_SWIFT_STANDARD_LIBRARIES = YES;
				INFOPLIST_FILE = FormValidationUITests/Info.plist;
				LD_RUNPATH_SEARCH_PATHS = "$(inherited) @executable_path/Frameworks @loader_path/Frameworks";
				PRODUCT_BUNDLE_IDENTIFIER = com.form.FormValidationUITests;
				PRODUCT_NAME = "$(TARGET_NAME)";
				SWIFT_VERSION = 3.0;
				TEST_TARGET_NAME = FormValidation;
			};
			name = Release;
		};
/* End XCBuildConfiguration section */

/* Begin XCConfigurationList section */
		C08419F41EB24A1800D3B7D3 /* Build configuration list for PBXProject "FormValidation" */ = {
			isa = XCConfigurationList;
			buildConfigurations = (
				C0841A1F1EB24A1800D3B7D3 /* Debug */,
				C0841A201EB24A1800D3B7D3 /* Release */,
			);
			defaultConfigurationIsVisible = 0;
			defaultConfigurationName = Release;
		};
		C0841A211EB24A1800D3B7D3 /* Build configuration list for PBXNativeTarget "FormValidation" */ = {
			isa = XCConfigurationList;
			buildConfigurations = (
				C0841A221EB24A1800D3B7D3 /* Debug */,
				C0841A231EB24A1800D3B7D3 /* Release */,
			);
			defaultConfigurationIsVisible = 0;
			defaultConfigurationName = Release;
		};
		C0841A241EB24A1800D3B7D3 /* Build configuration list for PBXNativeTarget "FormValidationTests" */ = {
			isa = XCConfigurationList;
			buildConfigurations = (
				C0841A251EB24A1800D3B7D3 /* Debug */,
				C0841A261EB24A1800D3B7D3 /* Release */,
			);
			defaultConfigurationIsVisible = 0;
			defaultConfigurationName = Release;
		};
		C0841A271EB24A1800D3B7D3 /* Build configuration list for PBXNativeTarget "FormValidationUITests" */ = {
			isa = XCConfigurationList;
			buildConfigurations = (
				C0841A281EB24A1800D3B7D3 /* Debug */,
				C0841A291EB24A1800D3B7D3 /* Release */,
			);
			defaultConfigurationIsVisible = 0;
			defaultConfigurationName = Release;
		};
/* End XCConfigurationList section */
	};
	rootObject = C08419F11EB24A1800D3B7D3 /* Project object */;
}
